
Microsoft Visual Studio Solution File, Format Version 12.00
# Visual Studio Version 16
VisualStudioVersion = 16.0.30204.135
MinimumVisualStudioVersion = 10.0.40219.1
Project("{9A19103F-16F7-4668-BE54-9A1E7A4F7556}") = "RelaxAndSport.Application", "RelaxAndSport.Application\RelaxAndSport.Application.csproj", "{04173ACA-B067-4C24-93EE-E92A92D732A1}"
EndProject
Project("{9A19103F-16F7-4668-BE54-9A1E7A4F7556}") = "RelaxAndSport.Infrastructure", "RelaxAndSport.Infrastructure\RelaxAndSport.Infrastructure.csproj", "{9A6BFC8F-BC73-42A5-A422-97FC560187F2}"
EndProject
Project("{9A19103F-16F7-4668-BE54-9A1E7A4F7556}") = "RelaxAndSport.Startup", "RelaxAndSport.Startup\RelaxAndSport.Startup.csproj", "{4C80BF99-CA3E-4526-8B9D-97922DE034B6}"
EndProject
Project("{9A19103F-16F7-4668-BE54-9A1E7A4F7556}") = "RelaxAndSport.Web", "RelaxAndSport.Web\RelaxAndSport.Web.csproj", "{D5308CBE-9D69-4FB4-AE2B-2FFF10AAC8A4}"
EndProject
Project("{9A19103F-16F7-4668-BE54-9A1E7A4F7556}") = "RelaxAndSport.Domain", "RelaxAndSport.Domain\RelaxAndSport.Domain.csproj", "{AC4440B3-4C8A-4E62-AE0F-9261734FAC1D}"
EndProject
Project("{FAE04EC0-301F-11D3-BF4B-00C04F79EFBC}") = "RelaxAndSport.Client", "..\Client\RelaxAndSport.Client\RelaxAndSport.Client.csproj", "{D3E7B91E-F20E-418C-8BF0-BC78E59C96B8}"
EndProject
Project("{2150E333-8FDC-42A3-9474-1A3956D46DE8}") = "Client", "Client", "{BB256F98-09A1-4886-970F-10798207D106}"
EndProject
Project("{2150E333-8FDC-42A3-9474-1A3956D46DE8}") = "Server", "Server", "{92CE0963-0FE4-42C4-A71D-9FB1BFB898C3}"
EndProject
Global
	GlobalSection(SolutionConfigurationPlatforms) = preSolution
		Debug|Any CPU = Debug|Any CPU
		Release|Any CPU = Release|Any CPU
	EndGlobalSection
	GlobalSection(ProjectConfigurationPlatforms) = postSolution
		{04173ACA-B067-4C24-93EE-E92A92D732A1}.Debug|Any CPU.ActiveCfg = Debug|Any CPU
		{04173ACA-B067-4C24-93EE-E92A92D732A1}.Debug|Any CPU.Build.0 = Debug|Any CPU
		{04173ACA-B067-4C24-93EE-E92A92D732A1}.Release|Any CPU.ActiveCfg = Release|Any CPU
		{04173ACA-B067-4C24-93EE-E92A92D732A1}.Release|Any CPU.Build.0 = Release|Any CPU
		{9A6BFC8F-BC73-42A5-A422-97FC560187F2}.Debug|Any CPU.ActiveCfg = Debug|Any CPU
		{9A6BFC8F-BC73-42A5-A422-97FC560187F2}.Debug|Any CPU.Build.0 = Debug|Any CPU
		{9A6BFC8F-BC73-42A5-A422-97FC560187F2}.Release|Any CPU.ActiveCfg = Release|Any CPU
		{9A6BFC8F-BC73-42A5-A422-97FC560187F2}.Release|Any CPU.Build.0 = Release|Any CPU
		{4C80BF99-CA3E-4526-8B9D-97922DE034B6}.Debug|Any CPU.ActiveCfg = Debug|Any CPU
		{4C80BF99-CA3E-4526-8B9D-97922DE034B6}.Debug|Any CPU.Build.0 = Debug|Any CPU
		{4C80BF99-CA3E-4526-8B9D-97922DE034B6}.Release|Any CPU.ActiveCfg = Release|Any CPU
		{4C80BF99-CA3E-4526-8B9D-97922DE034B6}.Release|Any CPU.Build.0 = Release|Any CPU
		{D5308CBE-9D69-4FB4-AE2B-2FFF10AAC8A4}.Debug|Any CPU.ActiveCfg = Debug|Any CPU
		{D5308CBE-9D69-4FB4-AE2B-2FFF10AAC8A4}.Debug|Any CPU.Build.0 = Debug|Any CPU
		{D5308CBE-9D69-4FB4-AE2B-2FFF10AAC8A4}.Release|Any CPU.ActiveCfg = Release|Any CPU
		{D5308CBE-9D69-4FB4-AE2B-2FFF10AAC8A4}.Release|Any CPU.Build.0 = Release|Any CPU
		{AC4440B3-4C8A-4E62-AE0F-9261734FAC1D}.Debug|Any CPU.ActiveCfg = Debug|Any CPU
		{AC4440B3-4C8A-4E62-AE0F-9261734FAC1D}.Debug|Any CPU.Build.0 = Debug|Any CPU
		{AC4440B3-4C8A-4E62-AE0F-9261734FAC1D}.Release|Any CPU.ActiveCfg = Release|Any CPU
		{AC4440B3-4C8A-4E62-AE0F-9261734FAC1D}.Release|Any CPU.Build.0 = Release|Any CPU
		{D3E7B91E-F20E-418C-8BF0-BC78E59C96B8}.Debug|Any CPU.ActiveCfg = Debug|Any CPU
		{D3E7B91E-F20E-418C-8BF0-BC78E59C96B8}.Debug|Any CPU.Build.0 = Debug|Any CPU
		{D3E7B91E-F20E-418C-8BF0-BC78E59C96B8}.Release|Any CPU.ActiveCfg = Release|Any CPU
		{D3E7B91E-F20E-418C-8BF0-BC78E59C96B8}.Release|Any CPU.Build.0 = Release|Any CPU
	EndGlobalSection
	GlobalSection(SolutionProperties) = preSolution
		HideSolutionNode = FALSE
	EndGlobalSection
	GlobalSection(NestedProjects) = preSolution
		{04173ACA-B067-4C24-93EE-E92A92D732A1} = {92CE0963-0FE4-42C4-A71D-9FB1BFB898C3}
		{9A6BFC8F-BC73-42A5-A422-97FC560187F2} = {92CE0963-0FE4-42C4-A71D-9FB1BFB898C3}
		{4C80BF99-CA3E-4526-8B9D-97922DE034B6} = {92CE0963-0FE4-42C4-A71D-9FB1BFB898C3}
		{D5308CBE-9D69-4FB4-AE2B-2FFF10AAC8A4} = {92CE0963-0FE4-42C4-A71D-9FB1BFB898C3}
		{AC4440B3-4C8A-4E62-AE0F-9261734FAC1D} = {92CE0963-0FE4-42C4-A71D-9FB1BFB898C3}
		{D3E7B91E-F20E-418C-8BF0-BC78E59C96B8} = {BB256F98-09A1-4886-970F-10798207D106}
	EndGlobalSection
	GlobalSection(ExtensibilityGlobals) = postSolution
		SolutionGuid = {7000412C-E312-4B9A-9DB4-ABC963D8C1A8}
	EndGlobalSection
EndGlobal
